// !$*UTF8*$!
{
	archiveVersion = 1;
	classes = {
	};
	objectVersion = 46;
	objects = {

/* Begin PBXBuildFile section */
		4C2F2BDC0CC30DEBA063AC39 /* Pods_VentePrivee.framework in Frameworks */ = {isa = PBXBuildFile; fileRef = 7A64E58EFCC51252BAAF98BE /* Pods_VentePrivee.framework */; };
		541C2DE41DD24248006AD710 /* Target.swift in Sources */ = {isa = PBXBuildFile; fileRef = 541C2DE31DD24248006AD710 /* Target.swift */; };
		54EA842F1DD0EC3B005A0EDD /* Resource.swift in Sources */ = {isa = PBXBuildFile; fileRef = 54EA842E1DD0EC3B005A0EDD /* Resource.swift */; };
		71295B631DCBA56100E7D54C /* Universe.swift in Sources */ = {isa = PBXBuildFile; fileRef = 71295B621DCBA56100E7D54C /* Universe.swift */; };
		713752FD1DCC959A00396047 /* Product.swift in Sources */ = {isa = PBXBuildFile; fileRef = 713752FC1DCC959A00396047 /* Product.swift */; };
		713752FF1DCC95AD00396047 /* Family.swift in Sources */ = {isa = PBXBuildFile; fileRef = 713752FE1DCC95AD00396047 /* Family.swift */; };
		71CD90CA1DC7824800E4B9CA /* Router.swift in Sources */ = {isa = PBXBuildFile; fileRef = 71CD90C91DC7824800E4B9CA /* Router.swift */; };
		71DEA19E1DC781A70086F00E /* AppDelegate.swift in Sources */ = {isa = PBXBuildFile; fileRef = 71DEA19D1DC781A70086F00E /* AppDelegate.swift */; };
		71DEA1A01DC781A70086F00E /* ViewController.swift in Sources */ = {isa = PBXBuildFile; fileRef = 71DEA19F1DC781A70086F00E /* ViewController.swift */; };
		71DEA1A31DC781A70086F00E /* Main.storyboard in Resources */ = {isa = PBXBuildFile; fileRef = 71DEA1A11DC781A70086F00E /* Main.storyboard */; };
		71DEA1A51DC781A70086F00E /* Assets.xcassets in Resources */ = {isa = PBXBuildFile; fileRef = 71DEA1A41DC781A70086F00E /* Assets.xcassets */; };
		71DEA1A81DC781A70086F00E /* LaunchScreen.storyboard in Resources */ = {isa = PBXBuildFile; fileRef = 71DEA1A61DC781A70086F00E /* LaunchScreen.storyboard */; };
		71E23E1F1DC9463400B38674 /* Operation.swift in Sources */ = {isa = PBXBuildFile; fileRef = 71E23E1E1DC9463400B38674 /* Operation.swift */; };
		71E23E211DC947A700B38674 /* WebService.swift in Sources */ = {isa = PBXBuildFile; fileRef = 71E23E201DC947A700B38674 /* WebService.swift */; };
/* End PBXBuildFile section */

/* Begin PBXFileReference section */
		541C2DE31DD24248006AD710 /* Target.swift */ = {isa = PBXFileReference; fileEncoding = 4; lastKnownFileType = sourcecode.swift; path = Target.swift; sourceTree = "<group>"; };
		54EA842E1DD0EC3B005A0EDD /* Resource.swift */ = {isa = PBXFileReference; fileEncoding = 4; lastKnownFileType = sourcecode.swift; path = Resource.swift; sourceTree = "<group>"; };
		58104E69A29C5EB8A51253DC /* Pods-VentePrivee.release.xcconfig */ = {isa = PBXFileReference; includeInIndex = 1; lastKnownFileType = text.xcconfig; name = "Pods-VentePrivee.release.xcconfig"; path = "Pods/Target Support Files/Pods-VentePrivee/Pods-VentePrivee.release.xcconfig"; sourceTree = "<group>"; };
		71295B621DCBA56100E7D54C /* Universe.swift */ = {isa = PBXFileReference; fileEncoding = 4; lastKnownFileType = sourcecode.swift; path = Universe.swift; sourceTree = "<group>"; };
		713752FC1DCC959A00396047 /* Product.swift */ = {isa = PBXFileReference; fileEncoding = 4; lastKnownFileType = sourcecode.swift; path = Product.swift; sourceTree = "<group>"; };
		713752FE1DCC95AD00396047 /* Family.swift */ = {isa = PBXFileReference; fileEncoding = 4; lastKnownFileType = sourcecode.swift; path = Family.swift; sourceTree = "<group>"; };
		71CD90C91DC7824800E4B9CA /* Router.swift */ = {isa = PBXFileReference; fileEncoding = 4; lastKnownFileType = sourcecode.swift; path = Router.swift; sourceTree = "<group>"; };
		71DEA19A1DC781A70086F00E /* VentePrivee.app */ = {isa = PBXFileReference; explicitFileType = wrapper.application; includeInIndex = 0; path = VentePrivee.app; sourceTree = BUILT_PRODUCTS_DIR; };
		71DEA19D1DC781A70086F00E /* AppDelegate.swift */ = {isa = PBXFileReference; lastKnownFileType = sourcecode.swift; path = AppDelegate.swift; sourceTree = "<group>"; };
		71DEA19F1DC781A70086F00E /* ViewController.swift */ = {isa = PBXFileReference; lastKnownFileType = sourcecode.swift; path = ViewController.swift; sourceTree = "<group>"; };
		71DEA1A21DC781A70086F00E /* Base */ = {isa = PBXFileReference; lastKnownFileType = file.storyboard; name = Base; path = Base.lproj/Main.storyboard; sourceTree = "<group>"; };
		71DEA1A41DC781A70086F00E /* Assets.xcassets */ = {isa = PBXFileReference; lastKnownFileType = folder.assetcatalog; path = Assets.xcassets; sourceTree = "<group>"; };
		71DEA1A71DC781A70086F00E /* Base */ = {isa = PBXFileReference; lastKnownFileType = file.storyboard; name = Base; path = Base.lproj/LaunchScreen.storyboard; sourceTree = "<group>"; };
		71DEA1A91DC781A70086F00E /* Info.plist */ = {isa = PBXFileReference; lastKnownFileType = text.plist.xml; path = Info.plist; sourceTree = "<group>"; };
		71E23E1E1DC9463400B38674 /* Operation.swift */ = {isa = PBXFileReference; fileEncoding = 4; lastKnownFileType = sourcecode.swift; path = Operation.swift; sourceTree = "<group>"; };
		71E23E201DC947A700B38674 /* WebService.swift */ = {isa = PBXFileReference; fileEncoding = 4; lastKnownFileType = sourcecode.swift; path = WebService.swift; sourceTree = "<group>"; };
		7A64E58EFCC51252BAAF98BE /* Pods_VentePrivee.framework */ = {isa = PBXFileReference; explicitFileType = wrapper.framework; includeInIndex = 0; path = Pods_VentePrivee.framework; sourceTree = BUILT_PRODUCTS_DIR; };
		CE8F70FA185D2E2BFF1C6628 /* Pods-VentePrivee.debug.xcconfig */ = {isa = PBXFileReference; includeInIndex = 1; lastKnownFileType = text.xcconfig; name = "Pods-VentePrivee.debug.xcconfig"; path = "Pods/Target Support Files/Pods-VentePrivee/Pods-VentePrivee.debug.xcconfig"; sourceTree = "<group>"; };
/* End PBXFileReference section */

/* Begin PBXFrameworksBuildPhase section */
		71DEA1971DC781A70086F00E /* Frameworks */ = {
			isa = PBXFrameworksBuildPhase;
			buildActionMask = 2147483647;
			files = (
				4C2F2BDC0CC30DEBA063AC39 /* Pods_VentePrivee.framework in Frameworks */,
			);
			runOnlyForDeploymentPostprocessing = 0;
		};
/* End PBXFrameworksBuildPhase section */

/* Begin PBXGroup section */
		604C66EA74028924FB666839 /* Frameworks */ = {
			isa = PBXGroup;
			children = (
				7A64E58EFCC51252BAAF98BE /* Pods_VentePrivee.framework */,
			);
			name = Frameworks;
			sourceTree = "<group>";
		};
		713753001DCC95CE00396047 /* Model */ = {
			isa = PBXGroup;
			children = (
				71E23E1E1DC9463400B38674 /* Operation.swift */,
				71295B621DCBA56100E7D54C /* Universe.swift */,
				713752FE1DCC95AD00396047 /* Family.swift */,
				713752FC1DCC959A00396047 /* Product.swift */,
				541C2DE31DD24248006AD710 /* Target.swift */,
			);
			name = Model;
			sourceTree = "<group>";
		};
		713753011DCC95DE00396047 /* Controllers */ = {
			isa = PBXGroup;
			children = (
				71DEA19F1DC781A70086F00E /* ViewController.swift */,
			);
			name = Controllers;
			sourceTree = "<group>";
		};
		713753021DCC95EF00396047 /* Views */ = {
			isa = PBXGroup;
			children = (
				71DEA1A11DC781A70086F00E /* Main.storyboard */,
				71DEA1A61DC781A70086F00E /* LaunchScreen.storyboard */,
				71DEA1A41DC781A70086F00E /* Assets.xcassets */,
			);
			name = Views;
			sourceTree = "<group>";
		};
		71DEA1911DC781A70086F00E = {
			isa = PBXGroup;
			children = (
				71DEA19C1DC781A70086F00E /* VentePrivee */,
				71DEA19B1DC781A70086F00E /* Products */,
				CE99B6C77D7A37B68CFB4AAE /* Pods */,
				604C66EA74028924FB666839 /* Frameworks */,
			);
			sourceTree = "<group>";
		};
		71DEA19B1DC781A70086F00E /* Products */ = {
			isa = PBXGroup;
			children = (
				71DEA19A1DC781A70086F00E /* VentePrivee.app */,
			);
			name = Products;
			sourceTree = "<group>";
		};
		71DEA19C1DC781A70086F00E /* VentePrivee */ = {
			isa = PBXGroup;
			children = (
				71DEA19D1DC781A70086F00E /* AppDelegate.swift */,
				71CD90C91DC7824800E4B9CA /* Router.swift */,
				54EA842E1DD0EC3B005A0EDD /* Resource.swift */,
				71E23E201DC947A700B38674 /* WebService.swift */,
				713753001DCC95CE00396047 /* Model */,
				713753021DCC95EF00396047 /* Views */,
				713753011DCC95DE00396047 /* Controllers */,
				71DEA1A91DC781A70086F00E /* Info.plist */,
			);
			path = VentePrivee;
			sourceTree = "<group>";
		};
		CE99B6C77D7A37B68CFB4AAE /* Pods */ = {
			isa = PBXGroup;
			children = (
				CE8F70FA185D2E2BFF1C6628 /* Pods-VentePrivee.debug.xcconfig */,
				58104E69A29C5EB8A51253DC /* Pods-VentePrivee.release.xcconfig */,
			);
			name = Pods;
			sourceTree = "<group>";
		};
/* End PBXGroup section */

/* Begin PBXNativeTarget section */
		71DEA1991DC781A70086F00E /* VentePrivee */ = {
			isa = PBXNativeTarget;
			buildConfigurationList = 71DEA1AC1DC781A70086F00E /* Build configuration list for PBXNativeTarget "VentePrivee" */;
			buildPhases = (
				4F701C67D0EC95EF9D061695 /* [CP] Check Pods Manifest.lock */,
				71DEA1961DC781A70086F00E /* Sources */,
				71DEA1971DC781A70086F00E /* Frameworks */,
				71DEA1981DC781A70086F00E /* Resources */,
				6E8CAE94D9D5F8D5B18F9C9A /* [CP] Embed Pods Frameworks */,
				3F2E0A1B408AB848AE373191 /* [CP] Copy Pods Resources */,
			);
			buildRules = (
			);
			dependencies = (
			);
			name = VentePrivee;
			productName = VentePrivee;
			productReference = 71DEA19A1DC781A70086F00E /* VentePrivee.app */;
			productType = "com.apple.product-type.application";
		};
/* End PBXNativeTarget section */

/* Begin PBXProject section */
		71DEA1921DC781A70086F00E /* Project object */ = {
			isa = PBXProject;
			attributes = {
				LastSwiftUpdateCheck = 0800;
				LastUpgradeCheck = 0810;
				ORGANIZATIONNAME = "Antoine DAUGUET";
				TargetAttributes = {
					71DEA1991DC781A70086F00E = {
						CreatedOnToolsVersion = 8.0;
						DevelopmentTeam = AGP77XRAQE;
						ProvisioningStyle = Automatic;
					};
				};
			};
			buildConfigurationList = 71DEA1951DC781A70086F00E /* Build configuration list for PBXProject "VentePrivee" */;
			compatibilityVersion = "Xcode 3.2";
			developmentRegion = English;
			hasScannedForEncodings = 0;
			knownRegions = (
				en,
				Base,
			);
			mainGroup = 71DEA1911DC781A70086F00E;
			productRefGroup = 71DEA19B1DC781A70086F00E /* Products */;
			projectDirPath = "";
			projectRoot = "";
			targets = (
				71DEA1991DC781A70086F00E /* VentePrivee */,
			);
		};
/* End PBXProject section */

/* Begin PBXResourcesBuildPhase section */
		71DEA1981DC781A70086F00E /* Resources */ = {
			isa = PBXResourcesBuildPhase;
			buildActionMask = 2147483647;
			files = (
				71DEA1A81DC781A70086F00E /* LaunchScreen.storyboard in Resources */,
				71DEA1A51DC781A70086F00E /* Assets.xcassets in Resources */,
				71DEA1A31DC781A70086F00E /* Main.storyboard in Resources */,
			);
			runOnlyForDeploymentPostprocessing = 0;
		};
/* End PBXResourcesBuildPhase section */

/* Begin PBXShellScriptBuildPhase section */
		3F2E0A1B408AB848AE373191 /* [CP] Copy Pods Resources */ = {
			isa = PBXShellScriptBuildPhase;
			buildActionMask = 2147483647;
			files = (
			);
			inputPaths = (
			);
			name = "[CP] Copy Pods Resources";
			outputPaths = (
			);
			runOnlyForDeploymentPostprocessing = 0;
			shellPath = /bin/sh;
			shellScript = "\"${SRCROOT}/Pods/Target Support Files/Pods-VentePrivee/Pods-VentePrivee-resources.sh\"\n";
			showEnvVarsInLog = 0;
		};
		4F701C67D0EC95EF9D061695 /* [CP] Check Pods Manifest.lock */ = {
			isa = PBXShellScriptBuildPhase;
			buildActionMask = 2147483647;
			files = (
			);
			inputPaths = (
			);
			name = "[CP] Check Pods Manifest.lock";
			outputPaths = (
			);
			runOnlyForDeploymentPostprocessing = 0;
			shellPath = /bin/sh;
			shellScript = "diff \"${PODS_ROOT}/../Podfile.lock\" \"${PODS_ROOT}/Manifest.lock\" > /dev/null\nif [ $? != 0 ] ; then\n    # print error to STDERR\n    echo \"error: The sandbox is not in sync with the Podfile.lock. Run 'pod install' or update your CocoaPods installation.\" >&2\n    exit 1\nfi\n";
			showEnvVarsInLog = 0;
		};
		6E8CAE94D9D5F8D5B18F9C9A /* [CP] Embed Pods Frameworks */ = {
			isa = PBXShellScriptBuildPhase;
			buildActionMask = 2147483647;
			files = (
			);
			inputPaths = (
			);
			name = "[CP] Embed Pods Frameworks";
			outputPaths = (
			);
			runOnlyForDeploymentPostprocessing = 0;
			shellPath = /bin/sh;
			shellScript = "\"${SRCROOT}/Pods/Target Support Files/Pods-VentePrivee/Pods-VentePrivee-frameworks.sh\"\n";
			showEnvVarsInLog = 0;
		};
/* End PBXShellScriptBuildPhase section */

/* Begin PBXSourcesBuildPhase section */
		71DEA1961DC781A70086F00E /* Sources */ = {
			isa = PBXSourcesBuildPhase;
			buildActionMask = 2147483647;
			files = (
				54EA842F1DD0EC3B005A0EDD /* Resource.swift in Sources */,
				71295B631DCBA56100E7D54C /* Universe.swift in Sources */,
				713752FF1DCC95AD00396047 /* Family.swift in Sources */,
				71DEA1A01DC781A70086F00E /* ViewController.swift in Sources */,
				541C2DE41DD24248006AD710 /* Target.swift in Sources */,
				71CD90CA1DC7824800E4B9CA /* Router.swift in Sources */,
				71DEA19E1DC781A70086F00E /* AppDelegate.swift in Sources */,
				71E23E211DC947A700B38674 /* WebService.swift in Sources */,
				71E23E1F1DC9463400B38674 /* Operation.swift in Sources */,
				713752FD1DCC959A00396047 /* Product.swift in Sources */,
			);
			runOnlyForDeploymentPostprocessing = 0;
		};
/* End PBXSourcesBuildPhase section */

/* Begin PBXVariantGroup section */
		71DEA1A11DC781A70086F00E /* Main.storyboard */ = {
			isa = PBXVariantGroup;
			children = (
				71DEA1A21DC781A70086F00E /* Base */,
			);
			name = Main.storyboard;
			sourceTree = "<group>";
		};
		71DEA1A61DC781A70086F00E /* LaunchScreen.storyboard */ = {
			isa = PBXVariantGroup;
			children = (
				71DEA1A71DC781A70086F00E /* Base */,
			);
			name = LaunchScreen.storyboard;
			sourceTree = "<group>";
		};
/* End PBXVariantGroup section */

/* Begin XCBuildConfiguration section */
		71DEA1AA1DC781A70086F00E /* Debug */ = {
			isa = XCBuildConfiguration;
			buildSettings = {
				ALWAYS_SEARCH_USER_PATHS = NO;
				CLANG_ANALYZER_NONNULL = YES;
				CLANG_CXX_LANGUAGE_STANDARD = "gnu++0x";
				CLANG_CXX_LIBRARY = "libc++";
				CLANG_ENABLE_MODULES = YES;
				CLANG_ENABLE_OBJC_ARC = YES;
				CLANG_WARN_BOOL_CONVERSION = YES;
				CLANG_WARN_CONSTANT_CONVERSION = YES;
				CLANG_WARN_DIRECT_OBJC_ISA_USAGE = YES_ERROR;
				CLANG_WARN_DOCUMENTATION_COMMENTS = YES;
				CLANG_WARN_EMPTY_BODY = YES;
				CLANG_WARN_ENUM_CONVERSION = YES;
				CLANG_WARN_INFINITE_RECURSION = YES;
				CLANG_WARN_INT_CONVERSION = YES;
				CLANG_WARN_OBJC_ROOT_CLASS = YES_ERROR;
				CLANG_WARN_SUSPICIOUS_MOVE = YES;
				CLANG_WARN_SUSPICIOUS_MOVES = YES;
				CLANG_WARN_UNREACHABLE_CODE = YES;
				CLANG_WARN__DUPLICATE_METHOD_MATCH = YES;
				"CODE_SIGN_IDENTITY[sdk=iphoneos*]" = "iPhone Developer";
				COPY_PHASE_STRIP = NO;
				DEBUG_INFORMATION_FORMAT = dwarf;
				ENABLE_STRICT_OBJC_MSGSEND = YES;
				ENABLE_TESTABILITY = YES;
				GCC_C_LANGUAGE_STANDARD = gnu99;
				GCC_DYNAMIC_NO_PIC = NO;
				GCC_NO_COMMON_BLOCKS = YES;
				GCC_OPTIMIZATION_LEVEL = 0;
				GCC_PREPROCESSOR_DEFINITIONS = (
					"DEBUG=1",
					"$(inherited)",
				);
				GCC_WARN_64_TO_32_BIT_CONVERSION = YES;
				GCC_WARN_ABOUT_RETURN_TYPE = YES_ERROR;
				GCC_WARN_UNDECLARED_SELECTOR = YES;
				GCC_WARN_UNINITIALIZED_AUTOS = YES_AGGRESSIVE;
				GCC_WARN_UNUSED_FUNCTION = YES;
				GCC_WARN_UNUSED_VARIABLE = YES;
				IPHONEOS_DEPLOYMENT_TARGET = 10.0;
				MTL_ENABLE_DEBUG_INFO = YES;
				ONLY_ACTIVE_ARCH = YES;
				SDKROOT = iphoneos;
				SWIFT_ACTIVE_COMPILATION_CONDITIONS = DEBUG;
				SWIFT_OPTIMIZATION_LEVEL = "-Onone";
			};
			name = Debug;
		};
		71DEA1AB1DC781A70086F00E /* Release */ = {
			isa = XCBuildConfiguration;
			buildSettings = {
				ALWAYS_SEARCH_USER_PATHS = NO;
				CLANG_ANALYZER_NONNULL = YES;
				CLANG_CXX_LANGUAGE_STANDARD = "gnu++0x";
				CLANG_CXX_LIBRARY = "libc++";
				CLANG_ENABLE_MODULES = YES;
				CLANG_ENABLE_OBJC_ARC = YES;
				CLANG_WARN_BOOL_CONVERSION = YES;
				CLANG_WARN_CONSTANT_CONVERSION = YES;
				CLANG_WARN_DIRECT_OBJC_ISA_USAGE = YES_ERROR;
				CLANG_WARN_DOCUMENTATION_COMMENTS = YES;
				CLANG_WARN_EMPTY_BODY = YES;
				CLANG_WARN_ENUM_CONVERSION = YES;
				CLANG_WARN_INFINITE_RECURSION = YES;
				CLANG_WARN_INT_CONVERSION = YES;
				CLANG_WARN_OBJC_ROOT_CLASS = YES_ERROR;
				CLANG_WARN_SUSPICIOUS_MOVE = YES;
				CLANG_WARN_SUSPICIOUS_MOVES = YES;
				CLANG_WARN_UNREACHABLE_CODE = YES;
				CLANG_WARN__DUPLICATE_METHOD_MATCH = YES;
				"CODE_SIGN_IDENTITY[sdk=iphoneos*]" = "iPhone Developer";
				COPY_PHASE_STRIP = NO;
				DEBUG_INFORMATION_FORMAT = "dwarf-with-dsym";
				ENABLE_NS_ASSERTIONS = NO;
				ENABLE_STRICT_OBJC_MSGSEND = YES;
				GCC_C_LANGUAGE_STANDARD = gnu99;
				GCC_NO_COMMON_BLOCKS = YES;
				GCC_WARN_64_TO_32_BIT_CONVERSION = YES;
				GCC_WARN_ABOUT_RETURN_TYPE = YES_ERROR;
				GCC_WARN_UNDECLARED_SELECTOR = YES;
				GCC_WARN_UNINITIALIZED_AUTOS = YES_AGGRESSIVE;
				GCC_WARN_UNUSED_FUNCTION = YES;
				GCC_WARN_UNUSED_VARIABLE = YES;
				IPHONEOS_DEPLOYMENT_TARGET = 10.0;
				MTL_ENABLE_DEBUG_INFO = NO;
				SDKROOT = iphoneos;
				SWIFT_OPTIMIZATION_LEVEL = "-Owholemodule";
				VALIDATE_PRODUCT = YES;
			};
			name = Release;
		};
		71DEA1AD1DC781A70086F00E /* Debug */ = {
			isa = XCBuildConfiguration;
			baseConfigurationReference = CE8F70FA185D2E2BFF1C6628 /* Pods-VentePrivee.debug.xcconfig */;
			buildSettings = {
				ALWAYS_EMBED_SWIFT_STANDARD_LIBRARIES = YES;
				ASSETCATALOG_COMPILER_APPICON_NAME = AppIcon;
				DEVELOPMENT_TEAM = AGP77XRAQE;
				INFOPLIST_FILE = VentePrivee/Info.plist;
				LD_RUNPATH_SEARCH_PATHS = "$(inherited) @executable_path/Frameworks";
				PRODUCT_BUNDLE_IDENTIFIER = com.adauguet.VentePrivee;
				PRODUCT_NAME = "$(TARGET_NAME)";
				SWIFT_VERSION = 3.0;
			};
			name = Debug;
		};
		71DEA1AE1DC781A70086F00E /* Release */ = {
			isa = XCBuildConfiguration;
			baseConfigurationReference = 58104E69A29C5EB8A51253DC /* Pods-VentePrivee.release.xcconfig */;
			buildSettings = {
				ALWAYS_EMBED_SWIFT_STANDARD_LIBRARIES = YES;
				ASSETCATALOG_COMPILER_APPICON_NAME = AppIcon;
				DEVELOPMENT_TEAM = AGP77XRAQE;
				INFOPLIST_FILE = VentePrivee/Info.plist;
				LD_RUNPATH_SEARCH_PATHS = "$(inherited) @executable_path/Frameworks";
				PRODUCT_BUNDLE_IDENTIFIER = com.adauguet.VentePrivee;
				PRODUCT_NAME = "$(TARGET_NAME)";
				SWIFT_VERSION = 3.0;
			};
			name = Release;
		};
/* End XCBuildConfiguration section */

/* Begin XCConfigurationList section */
		71DEA1951DC781A70086F00E /* Build configuration list for PBXProject "VentePrivee" */ = {
			isa = XCConfigurationList;
			buildConfigurations = (
				71DEA1AA1DC781A70086F00E /* Debug */,
				71DEA1AB1DC781A70086F00E /* Release */,
			);
			defaultConfigurationIsVisible = 0;
			defaultConfigurationName = Release;
		};
		71DEA1AC1DC781A70086F00E /* Build configuration list for PBXNativeTarget "VentePrivee" */ = {
			isa = XCConfigurationList;
			buildConfigurations = (
				71DEA1AD1DC781A70086F00E /* Debug */,
				71DEA1AE1DC781A70086F00E /* Release */,
			);
			defaultConfigurationIsVisible = 0;
			defaultConfigurationName = Release;
		};
/* End XCConfigurationList section */
	};
	rootObject = 71DEA1921DC781A70086F00E /* Project object */;
}
